
Microsoft Visual Studio Solution File, Format Version 12.00
# Visual Studio 15
VisualStudioVersion = 15.0.26403.0
MinimumVisualStudioVersion = 10.0.40219.1
Project("{FAE04EC0-301F-11D3-BF4B-00C04F79EFBC}") = "WordPressRestApi", "WordPressRestApi\WordPressRestApi.csproj", "{B71086F3-4849-422E-8D55-9160275FF578}"
EndProject
Project("{FAE04EC0-301F-11D3-BF4B-00C04F79EFBC}") = "WordPressRestApi.Test", "WordPressRestApi.Test\WordPressRestApi.Test.csproj", "{1C9318E4-9DEC-408E-A2B7-B2B21589B881}"
EndProject
Project("{2150E333-8FDC-42A3-9474-1A3956D46DE8}") = "SolutionItems", "SolutionItems", "{1C68DDDA-0C36-41F1-B508-337C00E53B90}"
	ProjectSection(SolutionItems) = preProject
		README.md = README.md
		WordPressRestApi\WordPressRestApi.nuspec = WordPressRestApi\WordPressRestApi.nuspec
	EndProjectSection
EndProject
Global
	GlobalSection(SolutionConfigurationPlatforms) = preSolution
		Debug|Any CPU = Debug|Any CPU
		Release|Any CPU = Release|Any CPU
	EndGlobalSection
	GlobalSection(ProjectConfigurationPlatforms) = postSolution
		{B71086F3-4849-422E-8D55-9160275FF578}.Debug|Any CPU.ActiveCfg = Debug|Any CPU
		{B71086F3-4849-422E-8D55-9160275FF578}.Debug|Any CPU.Build.0 = Debug|Any CPU
		{B71086F3-4849-422E-8D55-9160275FF578}.Release|Any CPU.ActiveCfg = Release|Any CPU
		{B71086F3-4849-422E-8D55-9160275FF578}.Release|Any CPU.Build.0 = Release|Any CPU
		{1C9318E4-9DEC-408E-A2B7-B2B21589B881}.Debug|Any CPU.ActiveCfg = Debug|Any CPU
		{1C9318E4-9DEC-408E-A2B7-B2B21589B881}.Debug|Any CPU.Build.0 = Debug|Any CPU
		{1C9318E4-9DEC-408E-A2B7-B2B21589B881}.Release|Any CPU.ActiveCfg = Release|Any CPU
		{1C9318E4-9DEC-408E-A2B7-B2B21589B881}.Release|Any CPU.Build.0 = Release|Any CPU
	EndGlobalSection
	GlobalSection(SolutionProperties) = preSolution
		HideSolutionNode = FALSE
	EndGlobalSection
EndGlobal
